
Microsoft Visual Studio Solution File, Format Version 12.00
# Visual Studio Version 17
VisualStudioVersion = 17.11.35327.3
MinimumVisualStudioVersion = 10.0.40219.1
Project("{FAE04EC0-301F-11D3-BF4B-00C04F79EFBC}") = "CCC181 Push and Pull GitHub", "CCC181 Push and Pull GitHub.csproj", "{EEE1F111-DB58-4F01-AFF8-0510F699D3E6}"
EndProject
Global
	GlobalSection(SolutionConfigurationPlatforms) = preSolution
		Debug|Any CPU = Debug|Any CPU
		Release|Any CPU = Release|Any CPU
	EndGlobalSection
	GlobalSection(ProjectConfigurationPlatforms) = postSolution
		{EEE1F111-DB58-4F01-AFF8-0510F699D3E6}.Debug|Any CPU.ActiveCfg = Debug|Any CPU
		{EEE1F111-DB58-4F01-AFF8-0510F699D3E6}.Debug|Any CPU.Build.0 = Debug|Any CPU
		{EEE1F111-DB58-4F01-AFF8-0510F699D3E6}.Release|Any CPU.ActiveCfg = Release|Any CPU
		{EEE1F111-DB58-4F01-AFF8-0510F699D3E6}.Release|Any CPU.Build.0 = Release|Any CPU
	EndGlobalSection
	GlobalSection(SolutionProperties) = preSolution
		HideSolutionNode = FALSE
	EndGlobalSection
	GlobalSection(ExtensibilityGlobals) = postSolution
		SolutionGuid = {B48EC5B6-1969-44E0-85FD-7756E16345B6}
	EndGlobalSection
EndGlobal
